{
  "version": "5",
  "redirects": {
    "https://esm.sh/@supabase/supabase-js@2": "https://esm.sh/@supabase/supabase-js@2.75.0"
  },
  "remote": {
    "https://deno.land/std@0.224.0/assert/assert.ts": "09d30564c09de846855b7b071e62b5974b001bb72a4b797958fe0660e7849834",
    "https://deno.land/std@0.224.0/assert/assertion_error.ts": "ba8752bd27ebc51f723702fac2f54d3e94447598f54264a6653d6413738a8917",
    "https://deno.land/std@0.224.0/csv/_io.ts": "568718b7eb4cf3ba140b0690a00ef5a8416ceae9a4116f386114c83717bd8a9e",
    "https://deno.land/std@0.224.0/csv/parse.ts": "e2d5e82e19b71a968f5fcd3b76b438ee6f646fe8e948c4c2d3b00ad9cd0a659a",
    "https://esm.sh/@supabase/supabase-js@2.75.0": "2560166a94e3385c37b1c4fa943ee9c729a44e92fc9c61c03037852dc494853e"
  },
  "workspace": {
    "packageJson": {
      "dependencies": [
        "npm:@google/genai@^1.17.0",
        "npm:@headlessui/react@^2.2.9",
        "npm:@heroicons/react@^2.2.0",
        "npm:@hookform/resolvers@^5.2.2",
        "npm:@modelcontextprotocol/sdk@^1.20.0",
        "npm:@modelcontextprotocol/server-filesystem@^2025.8.21",
        "npm:@supabase/supabase-js@^2.75.0",
        "npm:@testing-library/jest-dom@^6.9.1",
        "npm:@testing-library/react@16",
        "npm:@types/jest@30",
        "npm:@types/node@^20.19.21",
        "npm:@types/qrcode@^1.5.5",
        "npm:@types/react-dom@^18.3.0",
        "npm:@types/react-helmet@^6.1.11",
        "npm:@types/react-router-dom@^5.3.3",
        "npm:@types/react@^18.3.3",
        "npm:@typescript-eslint/eslint-plugin@^8.46.0",
        "npm:@typescript-eslint/parser@^8.46.0",
        "npm:@vitejs/plugin-react@^5.0.2",
        "npm:autoprefixer@^10.4.19",
        "npm:chart.js@^4.5.0",
        "npm:class-variance-authority@~0.7.1",
        "npm:clsx@^2.1.1",
        "npm:date-fns@^4.1.0",
        "npm:dotenv@^17.2.3",
        "npm:eslint-import-resolver-typescript@^4.4.4",
        "npm:eslint-plugin-import@^2.32.0",
        "npm:eslint-plugin-react-hooks@^6.1.1",
        "npm:eslint-plugin-react-refresh@~0.4.23",
        "npm:eslint-plugin-react@^7.37.5",
        "npm:eslint-plugin-security@^3.0.1",
        "npm:eslint@^8.57.1",
        "npm:form-data@^4.0.4",
        "npm:glob@^11.0.3",
        "npm:husky@^9.1.7",
        "npm:jest@^30.2.0",
        "npm:jsdom@^24.1.3",
        "npm:lucide-react@0.544",
        "npm:node-fetch@^3.3.2",
        "npm:postcss@^8.4.38",
        "npm:prettier@^3.6.2",
        "npm:qrcode@^1.5.4",
        "npm:react-chartjs-2@^5.3.0",
        "npm:react-dom@^19.1.1",
        "npm:react-helmet-async@^2.0.5",
        "npm:react-hook-form@^7.63.0",
        "npm:react-hot-toast@^2.6.0",
        "npm:react-is@^19.2.0",
        "npm:react-router-dom@^6.23.1",
        "npm:react@^19.1.1",
        "npm:recharts@^3.2.1",
        "npm:supabase@^1.226.4",
        "npm:tailwind-merge@^3.3.1",
        "npm:tailwindcss@^3.4.3",
        "npm:terser@^5.44.0",
        "npm:tsx@^4.20.6",
        "npm:typescript@^5.9.3",
        "npm:vite@^7.1.5",
        "npm:vitest@^3.2.4"
      ]
    }
  }
}
